opengl 1.2.9 https://github.com/nim-lang/opengl 8e2e098f82dc5eefd874488c37b5830233cd18f4
pixie 5.1.0 https://github.com/treeform/pixie 5eda4949a3c8bea318cfac8e42060a8f90f3f35d
vmath 2.0.1 https://github.com/treeform/vmath b1cb7ec85f6e7690cf1261227cd2d552275e3e53
chroma 1.0.0 https://github.com/treeform/chroma 2381748f92e5ea16cb2403ff7e20c6dd5443a59d
zippy 0.10.16 https://github.com/guzba/zippy a99f6a7d8a8e3e0213b3cad0daf0ea974bf58e3f
flatty 0.3.4 https://github.com/treeform/flatty 05d878b397933331966a7f80dd0c55664559201f
nimsimd 1.3.2 https://github.com/guzba/nimsimd 3f6b2668ffb0867d0bf786a658b817763e611350
bumpy 1.1.3 https://github.com/treeform/bumpy dc9a3d6d15680ec7f603959d65ba8ee4f1ddbc72
crunchy 0.1.11 https://github.com/guzba/crunchy 98eb6526982bb8aae8eec6e8781f4539fa19e049
urlly 1.1.1 https://github.com/treeform/urlly 99784779f05649df25fd9c33003d8ef6de027345
ws 0.5.0 https://github.com/treeform/ws cbb8f763b436669392d10baec2a45778395395cc
boxy 0.7.0 https://github.com/treeform/boxy f064ead838dbf980a520c827bc0fb600b8ea2364
